// !$*UTF8*$!
{
	archiveVersion = 1;
	classes = {
	};
	objectVersion = 56;
	objects = {

/* Begin PBXBuildFile section */
		082BEAFD2BEAA8D700D165A1 /* DetailScreenView.swift in Sources */ = {isa = PBXBuildFile; fileRef = 082BEAFC2BEAA8D700D165A1 /* DetailScreenView.swift */; };
		082BEAFF2BEABCA000D165A1 /* DetailViewModel.swift in Sources */ = {isa = PBXBuildFile; fileRef = 082BEAFE2BEABCA000D165A1 /* DetailViewModel.swift */; };
		083C74842BE593BC00340EC4 /* AppDelegate.swift in Sources */ = {isa = PBXBuildFile; fileRef = 083C74832BE593BC00340EC4 /* AppDelegate.swift */; };
		083C74862BE593BC00340EC4 /* SceneDelegate.swift in Sources */ = {isa = PBXBuildFile; fileRef = 083C74852BE593BC00340EC4 /* SceneDelegate.swift */; };
		083C74882BE593BC00340EC4 /* HomeScreenView.swift in Sources */ = {isa = PBXBuildFile; fileRef = 083C74872BE593BC00340EC4 /* HomeScreenView.swift */; };
		083C748D2BE593BD00340EC4 /* Assets.xcassets in Resources */ = {isa = PBXBuildFile; fileRef = 083C748C2BE593BD00340EC4 /* Assets.xcassets */; };
		083C74902BE593BD00340EC4 /* LaunchScreen.storyboard in Resources */ = {isa = PBXBuildFile; fileRef = 083C748E2BE593BD00340EC4 /* LaunchScreen.storyboard */; };
		083C74992BE6B58A00340EC4 /* CoinData.swift in Sources */ = {isa = PBXBuildFile; fileRef = 083C74982BE6B58A00340EC4 /* CoinData.swift */; };
		083C749C2BE6C09200340EC4 /* NetworkManager.swift in Sources */ = {isa = PBXBuildFile; fileRef = 083C749B2BE6C09200340EC4 /* NetworkManager.swift */; };
		083C749F2BE7BE2900340EC4 /* CoinService.swift in Sources */ = {isa = PBXBuildFile; fileRef = 083C749E2BE7BE2900340EC4 /* CoinService.swift */; };
		083C74A12BE7D89700340EC4 /* HomeViewModel.swift in Sources */ = {isa = PBXBuildFile; fileRef = 083C74A02BE7D89700340EC4 /* HomeViewModel.swift */; };
		083C74A32BE7E5FF00340EC4 /* CoinCell.swift in Sources */ = {isa = PBXBuildFile; fileRef = 083C74A22BE7E5FF00340EC4 /* CoinCell.swift */; };
		083C74A62BE7F01500340EC4 /* CGFloat + Ext.swift in Sources */ = {isa = PBXBuildFile; fileRef = 083C74A52BE7F01500340EC4 /* CGFloat + Ext.swift */; };
		083C74A82BE83DDF00340EC4 /* UIView+Ext.swift in Sources */ = {isa = PBXBuildFile; fileRef = 083C74A72BE83DDF00340EC4 /* UIView+Ext.swift */; };
		083C74AD2BE84C2900340EC4 /* SDWebImage in Frameworks */ = {isa = PBXBuildFile; productRef = 083C74AC2BE84C2900340EC4 /* SDWebImage */; };
		083C74AF2BE84C2900340EC4 /* SDWebImageMapKit in Frameworks */ = {isa = PBXBuildFile; productRef = 083C74AE2BE84C2900340EC4 /* SDWebImageMapKit */; };
		083C74B32BE855BA00340EC4 /* UIColor+Ext.swift in Sources */ = {isa = PBXBuildFile; fileRef = 083C74B22BE855BA00340EC4 /* UIColor+Ext.swift */; };
/* End PBXBuildFile section */

/* Begin PBXFileReference section */
		082BEAFC2BEAA8D700D165A1 /* DetailScreenView.swift */ = {isa = PBXFileReference; lastKnownFileType = sourcecode.swift; path = DetailScreenView.swift; sourceTree = "<group>"; };
		082BEAFE2BEABCA000D165A1 /* DetailViewModel.swift */ = {isa = PBXFileReference; lastKnownFileType = sourcecode.swift; path = DetailViewModel.swift; sourceTree = "<group>"; };
		083C74802BE593BC00340EC4 /* CryptoApp.app */ = {isa = PBXFileReference; explicitFileType = wrapper.application; includeInIndex = 0; path = CryptoApp.app; sourceTree = BUILT_PRODUCTS_DIR; };
		083C74832BE593BC00340EC4 /* AppDelegate.swift */ = {isa = PBXFileReference; lastKnownFileType = sourcecode.swift; path = AppDelegate.swift; sourceTree = "<group>"; };
		083C74852BE593BC00340EC4 /* SceneDelegate.swift */ = {isa = PBXFileReference; lastKnownFileType = sourcecode.swift; path = SceneDelegate.swift; sourceTree = "<group>"; };
		083C74872BE593BC00340EC4 /* HomeScreenView.swift */ = {isa = PBXFileReference; lastKnownFileType = sourcecode.swift; path = HomeScreenView.swift; sourceTree = "<group>"; };
		083C748C2BE593BD00340EC4 /* Assets.xcassets */ = {isa = PBXFileReference; lastKnownFileType = folder.assetcatalog; path = Assets.xcassets; sourceTree = "<group>"; };
		083C748F2BE593BD00340EC4 /* Base */ = {isa = PBXFileReference; lastKnownFileType = file.storyboard; name = Base; path = Base.lproj/LaunchScreen.storyboard; sourceTree = "<group>"; };
		083C74912BE593BD00340EC4 /* Info.plist */ = {isa = PBXFileReference; lastKnownFileType = text.plist.xml; path = Info.plist; sourceTree = "<group>"; };
		083C74982BE6B58A00340EC4 /* CoinData.swift */ = {isa = PBXFileReference; lastKnownFileType = sourcecode.swift; path = CoinData.swift; sourceTree = "<group>"; };
		083C749B2BE6C09200340EC4 /* NetworkManager.swift */ = {isa = PBXFileReference; lastKnownFileType = sourcecode.swift; path = NetworkManager.swift; sourceTree = "<group>"; };
		083C749E2BE7BE2900340EC4 /* CoinService.swift */ = {isa = PBXFileReference; lastKnownFileType = sourcecode.swift; path = CoinService.swift; sourceTree = "<group>"; };
		083C74A02BE7D89700340EC4 /* HomeViewModel.swift */ = {isa = PBXFileReference; lastKnownFileType = sourcecode.swift; path = HomeViewModel.swift; sourceTree = "<group>"; };
		083C74A22BE7E5FF00340EC4 /* CoinCell.swift */ = {isa = PBXFileReference; lastKnownFileType = sourcecode.swift; path = CoinCell.swift; sourceTree = "<group>"; };
		083C74A52BE7F01500340EC4 /* CGFloat + Ext.swift */ = {isa = PBXFileReference; lastKnownFileType = sourcecode.swift; path = "CGFloat + Ext.swift"; sourceTree = "<group>"; };
		083C74A72BE83DDF00340EC4 /* UIView+Ext.swift */ = {isa = PBXFileReference; lastKnownFileType = sourcecode.swift; path = "UIView+Ext.swift"; sourceTree = "<group>"; };
		083C74B22BE855BA00340EC4 /* UIColor+Ext.swift */ = {isa = PBXFileReference; lastKnownFileType = sourcecode.swift; path = "UIColor+Ext.swift"; sourceTree = "<group>"; };
/* End PBXFileReference section */

/* Begin PBXFrameworksBuildPhase section */
		083C747D2BE593BC00340EC4 /* Frameworks */ = {
			isa = PBXFrameworksBuildPhase;
			buildActionMask = 2147483647;
			files = (
				083C74AF2BE84C2900340EC4 /* SDWebImageMapKit in Frameworks */,
				083C74AD2BE84C2900340EC4 /* SDWebImage in Frameworks */,
			);
			runOnlyForDeploymentPostprocessing = 0;
		};
/* End PBXFrameworksBuildPhase section */

/* Begin PBXGroup section */
		082BEAFB2BEAA86F00D165A1 /* DetailScreen */ = {
			isa = PBXGroup;
			children = (
				082BEAFC2BEAA8D700D165A1 /* DetailScreenView.swift */,
				082BEAFE2BEABCA000D165A1 /* DetailViewModel.swift */,
			);
			path = DetailScreen;
			sourceTree = "<group>";
		};
		083C74772BE593BC00340EC4 = {
			isa = PBXGroup;
			children = (
				083C74822BE593BC00340EC4 /* CryptoApp */,
				083C74812BE593BC00340EC4 /* Products */,
			);
			sourceTree = "<group>";
		};
		083C74812BE593BC00340EC4 /* Products */ = {
			isa = PBXGroup;
			children = (
				083C74802BE593BC00340EC4 /* CryptoApp.app */,
			);
			name = Products;
			sourceTree = "<group>";
		};
		083C74822BE593BC00340EC4 /* CryptoApp */ = {
			isa = PBXGroup;
			children = (
				083C74A42BE7EFF600340EC4 /* Extensions */,
				083C749D2BE7BE0100340EC4 /* Services */,
				083C749A2BE6C07800340EC4 /* Utilities */,
				083C74972BE6B53D00340EC4 /* Model */,
				083C74B02BE84E6700340EC4 /* HomeScreen */,
				082BEAFB2BEAA86F00D165A1 /* DetailScreen */,
				083C74B12BE84E9500340EC4 /* Cell */,
				083C74832BE593BC00340EC4 /* AppDelegate.swift */,
				083C74852BE593BC00340EC4 /* SceneDelegate.swift */,
				083C748C2BE593BD00340EC4 /* Assets.xcassets */,
				083C748E2BE593BD00340EC4 /* LaunchScreen.storyboard */,
				083C74912BE593BD00340EC4 /* Info.plist */,
			);
			path = CryptoApp;
			sourceTree = "<group>";
		};
		083C74972BE6B53D00340EC4 /* Model */ = {
			isa = PBXGroup;
			children = (
				083C74982BE6B58A00340EC4 /* CoinData.swift */,
			);
			path = Model;
			sourceTree = "<group>";
		};
		083C749A2BE6C07800340EC4 /* Utilities */ = {
			isa = PBXGroup;
			children = (
				083C749B2BE6C09200340EC4 /* NetworkManager.swift */,
			);
			path = Utilities;
			sourceTree = "<group>";
		};
		083C749D2BE7BE0100340EC4 /* Services */ = {
			isa = PBXGroup;
			children = (
				083C749E2BE7BE2900340EC4 /* CoinService.swift */,
			);
			path = Services;
			sourceTree = "<group>";
		};
		083C74A42BE7EFF600340EC4 /* Extensions */ = {
			isa = PBXGroup;
			children = (
				083C74A52BE7F01500340EC4 /* CGFloat + Ext.swift */,
				083C74A72BE83DDF00340EC4 /* UIView+Ext.swift */,
				083C74B22BE855BA00340EC4 /* UIColor+Ext.swift */,
			);
			path = Extensions;
			sourceTree = "<group>";
		};
		083C74B02BE84E6700340EC4 /* HomeScreen */ = {
			isa = PBXGroup;
			children = (
				083C74872BE593BC00340EC4 /* HomeScreenView.swift */,
				083C74A02BE7D89700340EC4 /* HomeViewModel.swift */,
			);
			path = HomeScreen;
			sourceTree = "<group>";
		};
		083C74B12BE84E9500340EC4 /* Cell */ = {
			isa = PBXGroup;
			children = (
				083C74A22BE7E5FF00340EC4 /* CoinCell.swift */,
			);
			path = Cell;
			sourceTree = "<group>";
		};
/* End PBXGroup section */

/* Begin PBXNativeTarget section */
		083C747F2BE593BC00340EC4 /* CryptoApp */ = {
			isa = PBXNativeTarget;
			buildConfigurationList = 083C74942BE593BD00340EC4 /* Build configuration list for PBXNativeTarget "CryptoApp" */;
			buildPhases = (
				083C747C2BE593BC00340EC4 /* Sources */,
				083C747D2BE593BC00340EC4 /* Frameworks */,
				083C747E2BE593BC00340EC4 /* Resources */,
			);
			buildRules = (
			);
			dependencies = (
			);
			name = CryptoApp;
			packageProductDependencies = (
				083C74AC2BE84C2900340EC4 /* SDWebImage */,
				083C74AE2BE84C2900340EC4 /* SDWebImageMapKit */,
			);
			productName = CryptoApp;
			productReference = 083C74802BE593BC00340EC4 /* CryptoApp.app */;
			productType = "com.apple.product-type.application";
		};
/* End PBXNativeTarget section */

/* Begin PBXProject section */
		083C74782BE593BC00340EC4 /* Project object */ = {
			isa = PBXProject;
			attributes = {
				BuildIndependentTargetsInParallel = 1;
				LastSwiftUpdateCheck = 1520;
				LastUpgradeCheck = 1520;
				TargetAttributes = {
					083C747F2BE593BC00340EC4 = {
						CreatedOnToolsVersion = 15.2;
					};
				};
			};
			buildConfigurationList = 083C747B2BE593BC00340EC4 /* Build configuration list for PBXProject "CryptoApp" */;
			compatibilityVersion = "Xcode 14.0";
			developmentRegion = en;
			hasScannedForEncodings = 0;
			knownRegions = (
				en,
				Base,
			);
			mainGroup = 083C74772BE593BC00340EC4;
			packageReferences = (
				083C74AB2BE84C2900340EC4 /* XCRemoteSwiftPackageReference "SDWebImage" */,
			);
			productRefGroup = 083C74812BE593BC00340EC4 /* Products */;
			projectDirPath = "";
			projectRoot = "";
			targets = (
				083C747F2BE593BC00340EC4 /* CryptoApp */,
			);
		};
/* End PBXProject section */

/* Begin PBXResourcesBuildPhase section */
		083C747E2BE593BC00340EC4 /* Resources */ = {
			isa = PBXResourcesBuildPhase;
			buildActionMask = 2147483647;
			files = (
				083C74902BE593BD00340EC4 /* LaunchScreen.storyboard in Resources */,
				083C748D2BE593BD00340EC4 /* Assets.xcassets in Resources */,
			);
			runOnlyForDeploymentPostprocessing = 0;
		};
/* End PBXResourcesBuildPhase section */

/* Begin PBXSourcesBuildPhase section */
		083C747C2BE593BC00340EC4 /* Sources */ = {
			isa = PBXSourcesBuildPhase;
			buildActionMask = 2147483647;
			files = (
				083C74882BE593BC00340EC4 /* HomeScreenView.swift in Sources */,
				083C74842BE593BC00340EC4 /* AppDelegate.swift in Sources */,
				083C74A82BE83DDF00340EC4 /* UIView+Ext.swift in Sources */,
				083C74A32BE7E5FF00340EC4 /* CoinCell.swift in Sources */,
				083C74B32BE855BA00340EC4 /* UIColor+Ext.swift in Sources */,
				083C74A12BE7D89700340EC4 /* HomeViewModel.swift in Sources */,
				083C749C2BE6C09200340EC4 /* NetworkManager.swift in Sources */,
				082BEAFD2BEAA8D700D165A1 /* DetailScreenView.swift in Sources */,
				083C74A62BE7F01500340EC4 /* CGFloat + Ext.swift in Sources */,
				082BEAFF2BEABCA000D165A1 /* DetailViewModel.swift in Sources */,
				083C74992BE6B58A00340EC4 /* CoinData.swift in Sources */,
				083C749F2BE7BE2900340EC4 /* CoinService.swift in Sources */,
				083C74862BE593BC00340EC4 /* SceneDelegate.swift in Sources */,
			);
			runOnlyForDeploymentPostprocessing = 0;
		};
/* End PBXSourcesBuildPhase section */

/* Begin PBXVariantGroup section */
		083C748E2BE593BD00340EC4 /* LaunchScreen.storyboard */ = {
			isa = PBXVariantGroup;
			children = (
				083C748F2BE593BD00340EC4 /* Base */,
			);
			name = LaunchScreen.storyboard;
			sourceTree = "<group>";
		};
/* End PBXVariantGroup section */

/* Begin XCBuildConfiguration section */
		083C74922BE593BD00340EC4 /* Debug */ = {
			isa = XCBuildConfiguration;
			buildSettings = {
				ALWAYS_SEARCH_USER_PATHS = NO;
				ASSETCATALOG_COMPILER_GENERATE_SWIFT_ASSET_SYMBOL_EXTENSIONS = YES;
				CLANG_ANALYZER_NONNULL = YES;
				CLANG_ANALYZER_NUMBER_OBJECT_CONVERSION = YES_AGGRESSIVE;
				CLANG_CXX_LANGUAGE_STANDARD = "gnu++20";
				CLANG_ENABLE_MODULES = YES;
				CLANG_ENABLE_OBJC_ARC = YES;
				CLANG_ENABLE_OBJC_WEAK = YES;
				CLANG_WARN_BLOCK_CAPTURE_AUTORELEASING = YES;
				CLANG_WARN_BOOL_CONVERSION = YES;
				CLANG_WARN_COMMA = YES;
				CLANG_WARN_CONSTANT_CONVERSION = YES;
				CLANG_WARN_DEPRECATED_OBJC_IMPLEMENTATIONS = YES;
				CLANG_WARN_DIRECT_OBJC_ISA_USAGE = YES_ERROR;
				CLANG_WARN_DOCUMENTATION_COMMENTS = YES;
				CLANG_WARN_EMPTY_BODY = YES;
				CLANG_WARN_ENUM_CONVERSION = YES;
				CLANG_WARN_INFINITE_RECURSION = YES;
				CLANG_WARN_INT_CONVERSION = YES;
				CLANG_WARN_NON_LITERAL_NULL_CONVERSION = YES;
				CLANG_WARN_OBJC_IMPLICIT_RETAIN_SELF = YES;
				CLANG_WARN_OBJC_LITERAL_CONVERSION = YES;
				CLANG_WARN_OBJC_ROOT_CLASS = YES_ERROR;
				CLANG_WARN_QUOTED_INCLUDE_IN_FRAMEWORK_HEADER = YES;
				CLANG_WARN_RANGE_LOOP_ANALYSIS = YES;
				CLANG_WARN_STRICT_PROTOTYPES = YES;
				CLANG_WARN_SUSPICIOUS_MOVE = YES;
				CLANG_WARN_UNGUARDED_AVAILABILITY = YES_AGGRESSIVE;
				CLANG_WARN_UNREACHABLE_CODE = YES;
				CLANG_WARN__DUPLICATE_METHOD_MATCH = YES;
				COPY_PHASE_STRIP = NO;
				DEBUG_INFORMATION_FORMAT = dwarf;
				ENABLE_STRICT_OBJC_MSGSEND = YES;
				ENABLE_TESTABILITY = YES;
				ENABLE_USER_SCRIPT_SANDBOXING = YES;
				GCC_C_LANGUAGE_STANDARD = gnu17;
				GCC_DYNAMIC_NO_PIC = NO;
				GCC_NO_COMMON_BLOCKS = YES;
				GCC_OPTIMIZATION_LEVEL = 0;
				GCC_PREPROCESSOR_DEFINITIONS = (
					"DEBUG=1",
					"$(inherited)",
				);
				GCC_WARN_64_TO_32_BIT_CONVERSION = YES;
				GCC_WARN_ABOUT_RETURN_TYPE = YES_ERROR;
				GCC_WARN_UNDECLARED_SELECTOR = YES;
				GCC_WARN_UNINITIALIZED_AUTOS = YES_AGGRESSIVE;
				GCC_WARN_UNUSED_FUNCTION = YES;
				GCC_WARN_UNUSED_VARIABLE = YES;
				IPHONEOS_DEPLOYMENT_TARGET = 17.2;
				LOCALIZATION_PREFERS_STRING_CATALOGS = YES;
				MTL_ENABLE_DEBUG_INFO = INCLUDE_SOURCE;
				MTL_FAST_MATH = YES;
				ONLY_ACTIVE_ARCH = YES;
				SDKROOT = iphoneos;
				SWIFT_ACTIVE_COMPILATION_CONDITIONS = "DEBUG $(inherited)";
				SWIFT_OPTIMIZATION_LEVEL = "-Onone";
			};
			name = Debug;
		};
		083C74932BE593BD00340EC4 /* Release */ = {
			isa = XCBuildConfiguration;
			buildSettings = {
				ALWAYS_SEARCH_USER_PATHS = NO;
				ASSETCATALOG_COMPILER_GENERATE_SWIFT_ASSET_SYMBOL_EXTENSIONS = YES;
				CLANG_ANALYZER_NONNULL = YES;
				CLANG_ANALYZER_NUMBER_OBJECT_CONVERSION = YES_AGGRESSIVE;
				CLANG_CXX_LANGUAGE_STANDARD = "gnu++20";
				CLANG_ENABLE_MODULES = YES;
				CLANG_ENABLE_OBJC_ARC = YES;
				CLANG_ENABLE_OBJC_WEAK = YES;
				CLANG_WARN_BLOCK_CAPTURE_AUTORELEASING = YES;
				CLANG_WARN_BOOL_CONVERSION = YES;
				CLANG_WARN_COMMA = YES;
				CLANG_WARN_CONSTANT_CONVERSION = YES;
				CLANG_WARN_DEPRECATED_OBJC_IMPLEMENTATIONS = YES;
				CLANG_WARN_DIRECT_OBJC_ISA_USAGE = YES_ERROR;
				CLANG_WARN_DOCUMENTATION_COMMENTS = YES;
				CLANG_WARN_EMPTY_BODY = YES;
				CLANG_WARN_ENUM_CONVERSION = YES;
				CLANG_WARN_INFINITE_RECURSION = YES;
				CLANG_WARN_INT_CONVERSION = YES;
				CLANG_WARN_NON_LITERAL_NULL_CONVERSION = YES;
				CLANG_WARN_OBJC_IMPLICIT_RETAIN_SELF = YES;
				CLANG_WARN_OBJC_LITERAL_CONVERSION = YES;
				CLANG_WARN_OBJC_ROOT_CLASS = YES_ERROR;
				CLANG_WARN_QUOTED_INCLUDE_IN_FRAMEWORK_HEADER = YES;
				CLANG_WARN_RANGE_LOOP_ANALYSIS = YES;
				CLANG_WARN_STRICT_PROTOTYPES = YES;
				CLANG_WARN_SUSPICIOUS_MOVE = YES;
				CLANG_WARN_UNGUARDED_AVAILABILITY = YES_AGGRESSIVE;
				CLANG_WARN_UNREACHABLE_CODE = YES;
				CLANG_WARN__DUPLICATE_METHOD_MATCH = YES;
				COPY_PHASE_STRIP = NO;
				DEBUG_INFORMATION_FORMAT = "dwarf-with-dsym";
				ENABLE_NS_ASSERTIONS = NO;
				ENABLE_STRICT_OBJC_MSGSEND = YES;
				ENABLE_USER_SCRIPT_SANDBOXING = YES;
				GCC_C_LANGUAGE_STANDARD = gnu17;
				GCC_NO_COMMON_BLOCKS = YES;
				GCC_WARN_64_TO_32_BIT_CONVERSION = YES;
				GCC_WARN_ABOUT_RETURN_TYPE = YES_ERROR;
				GCC_WARN_UNDECLARED_SELECTOR = YES;
				GCC_WARN_UNINITIALIZED_AUTOS = YES_AGGRESSIVE;
				GCC_WARN_UNUSED_FUNCTION = YES;
				GCC_WARN_UNUSED_VARIABLE = YES;
				IPHONEOS_DEPLOYMENT_TARGET = 17.2;
				LOCALIZATION_PREFERS_STRING_CATALOGS = YES;
				MTL_ENABLE_DEBUG_INFO = NO;
				MTL_FAST_MATH = YES;
				SDKROOT = iphoneos;
				SWIFT_COMPILATION_MODE = wholemodule;
				VALIDATE_PRODUCT = YES;
			};
			name = Release;
		};
		083C74952BE593BD00340EC4 /* Debug */ = {
			isa = XCBuildConfiguration;
			buildSettings = {
				ASSETCATALOG_COMPILER_APPICON_NAME = AppIcon;
				ASSETCATALOG_COMPILER_GLOBAL_ACCENT_COLOR_NAME = AccentColor;
				CODE_SIGN_STYLE = Automatic;
				CURRENT_PROJECT_VERSION = 1;
				DEVELOPMENT_TEAM = 794WKWM2LJ;
				GENERATE_INFOPLIST_FILE = YES;
				INFOPLIST_FILE = CryptoApp/Info.plist;
				INFOPLIST_KEY_UIApplicationSupportsIndirectInputEvents = YES;
				INFOPLIST_KEY_UILaunchStoryboardName = LaunchScreen;
				INFOPLIST_KEY_UIMainStoryboardFile = "";
				INFOPLIST_KEY_UISupportedInterfaceOrientations_iPad = "UIInterfaceOrientationPortrait UIInterfaceOrientationPortraitUpsideDown UIInterfaceOrientationLandscapeLeft UIInterfaceOrientationLandscapeRight";
				INFOPLIST_KEY_UISupportedInterfaceOrientations_iPhone = "UIInterfaceOrientationPortrait UIInterfaceOrientationLandscapeLeft UIInterfaceOrientationLandscapeRight";
				IPHONEOS_DEPLOYMENT_TARGET = 15.0;
				LD_RUNPATH_SEARCH_PATHS = (
					"$(inherited)",
					"@executable_path/Frameworks",
				);
				MARKETING_VERSION = 1.0;
				PRODUCT_BUNDLE_IDENTIFIER = com.agahberkinguler.CryptoApp;
				PRODUCT_NAME = "$(TARGET_NAME)";
				SWIFT_EMIT_LOC_STRINGS = YES;
				SWIFT_VERSION = 5.0;
				TARGETED_DEVICE_FAMILY = "1,2";
			};
			name = Debug;
		};
		083C74962BE593BD00340EC4 /* Release */ = {
			isa = XCBuildConfiguration;
			buildSettings = {
				ASSETCATALOG_COMPILER_APPICON_NAME = AppIcon;
				ASSETCATALOG_COMPILER_GLOBAL_ACCENT_COLOR_NAME = AccentColor;
				CODE_SIGN_STYLE = Automatic;
				CURRENT_PROJECT_VERSION = 1;
				DEVELOPMENT_TEAM = 794WKWM2LJ;
				GENERATE_INFOPLIST_FILE = YES;
				INFOPLIST_FILE = CryptoApp/Info.plist;
				INFOPLIST_KEY_UIApplicationSupportsIndirectInputEvents = YES;
				INFOPLIST_KEY_UILaunchStoryboardName = LaunchScreen;
				INFOPLIST_KEY_UIMainStoryboardFile = "";
				INFOPLIST_KEY_UISupportedInterfaceOrientations_iPad = "UIInterfaceOrientationPortrait UIInterfaceOrientationPortraitUpsideDown UIInterfaceOrientationLandscapeLeft UIInterfaceOrientationLandscapeRight";
				INFOPLIST_KEY_UISupportedInterfaceOrientations_iPhone = "UIInterfaceOrientationPortrait UIInterfaceOrientationLandscapeLeft UIInterfaceOrientationLandscapeRight";
				IPHONEOS_DEPLOYMENT_TARGET = 15.0;
				LD_RUNPATH_SEARCH_PATHS = (
					"$(inherited)",
					"@executable_path/Frameworks",
				);
				MARKETING_VERSION = 1.0;
				PRODUCT_BUNDLE_IDENTIFIER = com.agahberkinguler.CryptoApp;
				PRODUCT_NAME = "$(TARGET_NAME)";
				SWIFT_EMIT_LOC_STRINGS = YES;
				SWIFT_VERSION = 5.0;
				TARGETED_DEVICE_FAMILY = "1,2";
			};
			name = Release;
		};
/* End XCBuildConfiguration section */

/* Begin XCConfigurationList section */
		083C747B2BE593BC00340EC4 /* Build configuration list for PBXProject "CryptoApp" */ = {
			isa = XCConfigurationList;
			buildConfigurations = (
				083C74922BE593BD00340EC4 /* Debug */,
				083C74932BE593BD00340EC4 /* Release */,
			);
			defaultConfigurationIsVisible = 0;
			defaultConfigurationName = Release;
		};
		083C74942BE593BD00340EC4 /* Build configuration list for PBXNativeTarget "CryptoApp" */ = {
			isa = XCConfigurationList;
			buildConfigurations = (
				083C74952BE593BD00340EC4 /* Debug */,
				083C74962BE593BD00340EC4 /* Release */,
			);
			defaultConfigurationIsVisible = 0;
			defaultConfigurationName = Release;
		};
/* End XCConfigurationList section */

/* Begin XCRemoteSwiftPackageReference section */
		083C74AB2BE84C2900340EC4 /* XCRemoteSwiftPackageReference "SDWebImage" */ = {
			isa = XCRemoteSwiftPackageReference;
			repositoryURL = "https://github.com/SDWebImage/SDWebImage.git";
			requirement = {
				kind = upToNextMajorVersion;
				minimumVersion = 5.19.1;
			};
		};
/* End XCRemoteSwiftPackageReference section */

/* Begin XCSwiftPackageProductDependency section */
		083C74AC2BE84C2900340EC4 /* SDWebImage */ = {
			isa = XCSwiftPackageProductDependency;
			package = 083C74AB2BE84C2900340EC4 /* XCRemoteSwiftPackageReference "SDWebImage" */;
			productName = SDWebImage;
		};
		083C74AE2BE84C2900340EC4 /* SDWebImageMapKit */ = {
			isa = XCSwiftPackageProductDependency;
			package = 083C74AB2BE84C2900340EC4 /* XCRemoteSwiftPackageReference "SDWebImage" */;
			productName = SDWebImageMapKit;
		};
/* End XCSwiftPackageProductDependency section */
	};
	rootObject = 083C74782BE593BC00340EC4 /* Project object */;
}
